
Microsoft Visual Studio Solution File, Format Version 12.00
# Visual Studio Version 17
VisualStudioVersion = 17.9.34701.34
MinimumVisualStudioVersion = 10.0.40219.1
Project("{FAE04EC0-301F-11D3-BF4B-00C04F79EFBC}") = "FootballStatistics.API", "FootballStatistics.API\FootballStatistics.API.csproj", "{95414F90-74B9-4EA1-AD74-174C4065BAAB}"
EndProject
Global
	GlobalSection(SolutionConfigurationPlatforms) = preSolution
		Debug|Any CPU = Debug|Any CPU
		Release|Any CPU = Release|Any CPU
	EndGlobalSection
	GlobalSection(ProjectConfigurationPlatforms) = postSolution
		{95414F90-74B9-4EA1-AD74-174C4065BAAB}.Debug|Any CPU.ActiveCfg = Debug|Any CPU
		{95414F90-74B9-4EA1-AD74-174C4065BAAB}.Debug|Any CPU.Build.0 = Debug|Any CPU
		{95414F90-74B9-4EA1-AD74-174C4065BAAB}.Release|Any CPU.ActiveCfg = Release|Any CPU
		{95414F90-74B9-4EA1-AD74-174C4065BAAB}.Release|Any CPU.Build.0 = Release|Any CPU
	EndGlobalSection
	GlobalSection(SolutionProperties) = preSolution
		HideSolutionNode = FALSE
	EndGlobalSection
	GlobalSection(ExtensibilityGlobals) = postSolution
		SolutionGuid = {295577DB-92C2-4EB7-8C65-23FDAA3D5F59}
	EndGlobalSection
EndGlobal
